// !$*UTF8*$!
{
	archiveVersion = 1;
	classes = {
	};
	objectVersion = 50;
	objects = {

/* Begin PBXBuildFile section */
		842EE8FD21BD564A0048E96C /* AppDelegate.swift in Sources */ = {isa = PBXBuildFile; fileRef = 842EE8FC21BD564A0048E96C /* AppDelegate.swift */; };
		842EE8FF21BD564A0048E96C /* ViewController.swift in Sources */ = {isa = PBXBuildFile; fileRef = 842EE8FE21BD564A0048E96C /* ViewController.swift */; };
		842EE90221BD564A0048E96C /* Main.storyboard in Resources */ = {isa = PBXBuildFile; fileRef = 842EE90021BD564A0048E96C /* Main.storyboard */; };
		842EE90521BD564A0048E96C /* SimpleDemoApp.xcdatamodeld in Sources */ = {isa = PBXBuildFile; fileRef = 842EE90321BD564A0048E96C /* SimpleDemoApp.xcdatamodeld */; };
		842EE90721BD564D0048E96C /* Assets.xcassets in Resources */ = {isa = PBXBuildFile; fileRef = 842EE90621BD564D0048E96C /* Assets.xcassets */; };
		842EE90A21BD564D0048E96C /* LaunchScreen.storyboard in Resources */ = {isa = PBXBuildFile; fileRef = 842EE90821BD564D0048E96C /* LaunchScreen.storyboard */; };
/* End PBXBuildFile section */

/* Begin PBXFileReference section */
		842EE8F921BD564A0048E96C /* SimpleDemoApp.app */ = {isa = PBXFileReference; explicitFileType = wrapper.application; includeInIndex = 0; path = SimpleDemoApp.app; sourceTree = BUILT_PRODUCTS_DIR; };
		842EE8FC21BD564A0048E96C /* AppDelegate.swift */ = {isa = PBXFileReference; lastKnownFileType = sourcecode.swift; path = AppDelegate.swift; sourceTree = "<group>"; };
		842EE8FE21BD564A0048E96C /* ViewController.swift */ = {isa = PBXFileReference; lastKnownFileType = sourcecode.swift; path = ViewController.swift; sourceTree = "<group>"; };
		842EE90121BD564A0048E96C /* Base */ = {isa = PBXFileReference; lastKnownFileType = file.storyboard; name = Base; path = Base.lproj/Main.storyboard; sourceTree = "<group>"; };
		842EE90421BD564A0048E96C /* SimpleDemoApp.xcdatamodel */ = {isa = PBXFileReference; lastKnownFileType = wrapper.xcdatamodel; path = SimpleDemoApp.xcdatamodel; sourceTree = "<group>"; };
		842EE90621BD564D0048E96C /* Assets.xcassets */ = {isa = PBXFileReference; lastKnownFileType = folder.assetcatalog; path = Assets.xcassets; sourceTree = "<group>"; };
		842EE90921BD564D0048E96C /* Base */ = {isa = PBXFileReference; lastKnownFileType = file.storyboard; name = Base; path = Base.lproj/LaunchScreen.storyboard; sourceTree = "<group>"; };
		842EE90B21BD564D0048E96C /* Info.plist */ = {isa = PBXFileReference; lastKnownFileType = text.plist.xml; path = Info.plist; sourceTree = "<group>"; };
/* End PBXFileReference section */

/* Begin PBXFrameworksBuildPhase section */
		842EE8F621BD564A0048E96C /* Frameworks */ = {
			isa = PBXFrameworksBuildPhase;
			buildActionMask = 2147483647;
			files = (
			);
			runOnlyForDeploymentPostprocessing = 0;
		};
/* End PBXFrameworksBuildPhase section */

/* Begin PBXGroup section */
		842EE8F021BD564A0048E96C = {
			isa = PBXGroup;
			children = (
				842EE8FB21BD564A0048E96C /* SimpleDemoApp */,
				842EE8FA21BD564A0048E96C /* Products */,
			);
			sourceTree = "<group>";
		};
		842EE8FA21BD564A0048E96C /* Products */ = {
			isa = PBXGroup;
			children = (
				842EE8F921BD564A0048E96C /* SimpleDemoApp.app */,
			);
			name = Products;
			sourceTree = "<group>";
		};
		842EE8FB21BD564A0048E96C /* SimpleDemoApp */ = {
			isa = PBXGroup;
			children = (
				842EE8FC21BD564A0048E96C /* AppDelegate.swift */,
				842EE8FE21BD564A0048E96C /* ViewController.swift */,
				842EE90021BD564A0048E96C /* Main.storyboard */,
				842EE90621BD564D0048E96C /* Assets.xcassets */,
				842EE90821BD564D0048E96C /* LaunchScreen.storyboard */,
				842EE90B21BD564D0048E96C /* Info.plist */,
				842EE90321BD564A0048E96C /* SimpleDemoApp.xcdatamodeld */,
			);
			path = SimpleDemoApp;
			sourceTree = "<group>";
		};
/* End PBXGroup section */

/* Begin PBXNativeTarget section */
		842EE8F821BD564A0048E96C /* SimpleDemoApp */ = {
			isa = PBXNativeTarget;
			buildConfigurationList = 842EE90E21BD564D0048E96C /* Build configuration list for PBXNativeTarget "SimpleDemoApp" */;
			buildPhases = (
				842EE8F521BD564A0048E96C /* Sources */,
				842EE8F621BD564A0048E96C /* Frameworks */,
				842EE8F721BD564A0048E96C /* Resources */,
			);
			buildRules = (
			);
			dependencies = (
			);
			name = SimpleDemoApp;
			productName = SimpleDemoApp;
			productReference = 842EE8F921BD564A0048E96C /* SimpleDemoApp.app */;
			productType = "com.apple.product-type.application";
		};
/* End PBXNativeTarget section */

/* Begin PBXProject section */
		842EE8F121BD564A0048E96C /* Project object */ = {
			isa = PBXProject;
			attributes = {
				LastSwiftUpdateCheck = 1010;
				LastUpgradeCheck = 1010;
				ORGANIZATIONNAME = Madhav;
				TargetAttributes = {
					842EE8F821BD564A0048E96C = {
						CreatedOnToolsVersion = 10.1;
					};
				};
			};
			buildConfigurationList = 842EE8F421BD564A0048E96C /* Build configuration list for PBXProject "SimpleDemoApp" */;
			compatibilityVersion = "Xcode 9.3";
			developmentRegion = en;
			hasScannedForEncodings = 0;
			knownRegions = (
				en,
				Base,
			);
			mainGroup = 842EE8F021BD564A0048E96C;
			productRefGroup = 842EE8FA21BD564A0048E96C /* Products */;
			projectDirPath = "";
			projectRoot = "";
			targets = (
				842EE8F821BD564A0048E96C /* SimpleDemoApp */,
			);
		};
/* End PBXProject section */

/* Begin PBXResourcesBuildPhase section */
		842EE8F721BD564A0048E96C /* Resources */ = {
			isa = PBXResourcesBuildPhase;
			buildActionMask = 2147483647;
			files = (
				842EE90A21BD564D0048E96C /* LaunchScreen.storyboard in Resources */,
				842EE90721BD564D0048E96C /* Assets.xcassets in Resources */,
				842EE90221BD564A0048E96C /* Main.storyboard in Resources */,
			);
			runOnlyForDeploymentPostprocessing = 0;
		};
/* End PBXResourcesBuildPhase section */

/* Begin PBXSourcesBuildPhase section */
		842EE8F521BD564A0048E96C /* Sources */ = {
			isa = PBXSourcesBuildPhase;
			buildActionMask = 2147483647;
			files = (
				842EE90521BD564A0048E96C /* SimpleDemoApp.xcdatamodeld in Sources */,
				842EE8FF21BD564A0048E96C /* ViewController.swift in Sources */,
				842EE8FD21BD564A0048E96C /* AppDelegate.swift in Sources */,
			);
			runOnlyForDeploymentPostprocessing = 0;
		};
/* End PBXSourcesBuildPhase section */

/* Begin PBXVariantGroup section */
		842EE90021BD564A0048E96C /* Main.storyboard */ = {
			isa = PBXVariantGroup;
			children = (
				842EE90121BD564A0048E96C /* Base */,
			);
			name = Main.storyboard;
			sourceTree = "<group>";
		};
		842EE90821BD564D0048E96C /* LaunchScreen.storyboard */ = {
			isa = PBXVariantGroup;
			children = (
				842EE90921BD564D0048E96C /* Base */,
			);
			name = LaunchScreen.storyboard;
			sourceTree = "<group>";
		};
/* End PBXVariantGroup section */

/* Begin XCBuildConfiguration section */
		842EE90C21BD564D0048E96C /* Debug */ = {
			isa = XCBuildConfiguration;
			buildSettings = {
				ALWAYS_SEARCH_USER_PATHS = NO;
				CLANG_ANALYZER_NONNULL = YES;
				CLANG_ANALYZER_NUMBER_OBJECT_CONVERSION = YES_AGGRESSIVE;
				CLANG_CXX_LANGUAGE_STANDARD = "gnu++14";
				CLANG_CXX_LIBRARY = "libc++";
				CLANG_ENABLE_MODULES = YES;
				CLANG_ENABLE_OBJC_ARC = YES;
				CLANG_ENABLE_OBJC_WEAK = YES;
				CLANG_WARN_BLOCK_CAPTURE_AUTORELEASING = YES;
				CLANG_WARN_BOOL_CONVERSION = YES;
				CLANG_WARN_COMMA = YES;
				CLANG_WARN_CONSTANT_CONVERSION = YES;
				CLANG_WARN_DEPRECATED_OBJC_IMPLEMENTATIONS = YES;
				CLANG_WARN_DIRECT_OBJC_ISA_USAGE = YES_ERROR;
				CLANG_WARN_DOCUMENTATION_COMMENTS = YES;
				CLANG_WARN_EMPTY_BODY = YES;
				CLANG_WARN_ENUM_CONVERSION = YES;
				CLANG_WARN_INFINITE_RECURSION = YES;
				CLANG_WARN_INT_CONVERSION = YES;
				CLANG_WARN_NON_LITERAL_NULL_CONVERSION = YES;
				CLANG_WARN_OBJC_IMPLICIT_RETAIN_SELF = YES;
				CLANG_WARN_OBJC_LITERAL_CONVERSION = YES;
				CLANG_WARN_OBJC_ROOT_CLASS = YES_ERROR;
				CLANG_WARN_RANGE_LOOP_ANALYSIS = YES;
				CLANG_WARN_STRICT_PROTOTYPES = YES;
				CLANG_WARN_SUSPICIOUS_MOVE = YES;
				CLANG_WARN_UNGUARDED_AVAILABILITY = YES_AGGRESSIVE;
				CLANG_WARN_UNREACHABLE_CODE = YES;
				CLANG_WARN__DUPLICATE_METHOD_MATCH = YES;
				CODE_SIGN_IDENTITY = "iPhone Developer";
				COPY_PHASE_STRIP = NO;
				DEBUG_INFORMATION_FORMAT = dwarf;
				ENABLE_STRICT_OBJC_MSGSEND = YES;
				ENABLE_TESTABILITY = YES;
				GCC_C_LANGUAGE_STANDARD = gnu11;
				GCC_DYNAMIC_NO_PIC = NO;
				GCC_NO_COMMON_BLOCKS = YES;
				GCC_OPTIMIZATION_LEVEL = 0;
				GCC_PREPROCESSOR_DEFINITIONS = (
					"DEBUG=1",
					"$(inherited)",
				);
				GCC_WARN_64_TO_32_BIT_CONVERSION = YES;
				GCC_WARN_ABOUT_RETURN_TYPE = YES_ERROR;
				GCC_WARN_UNDECLARED_SELECTOR = YES;
				GCC_WARN_UNINITIALIZED_AUTOS = YES_AGGRESSIVE;
				GCC_WARN_UNUSED_FUNCTION = YES;
				GCC_WARN_UNUSED_VARIABLE = YES;
				IPHONEOS_DEPLOYMENT_TARGET = 12.1;
				MTL_ENABLE_DEBUG_INFO = INCLUDE_SOURCE;
				MTL_FAST_MATH = YES;
				ONLY_ACTIVE_ARCH = YES;
				SDKROOT = iphoneos;
				SWIFT_ACTIVE_COMPILATION_CONDITIONS = DEBUG;
				SWIFT_OPTIMIZATION_LEVEL = "-Onone";
			};
			name = Debug;
		};
		842EE90D21BD564D0048E96C /* Release */ = {
			isa = XCBuildConfiguration;
			buildSettings = {
				ALWAYS_SEARCH_USER_PATHS = NO;
				CLANG_ANALYZER_NONNULL = YES;
				CLANG_ANALYZER_NUMBER_OBJECT_CONVERSION = YES_AGGRESSIVE;
				CLANG_CXX_LANGUAGE_STANDARD = "gnu++14";
				CLANG_CXX_LIBRARY = "libc++";
				CLANG_ENABLE_MODULES = YES;
				CLANG_ENABLE_OBJC_ARC = YES;
				CLANG_ENABLE_OBJC_WEAK = YES;
				CLANG_WARN_BLOCK_CAPTURE_AUTORELEASING = YES;
				CLANG_WARN_BOOL_CONVERSION = YES;
				CLANG_WARN_COMMA = YES;
				CLANG_WARN_CONSTANT_CONVERSION = YES;
				CLANG_WARN_DEPRECATED_OBJC_IMPLEMENTATIONS = YES;
				CLANG_WARN_DIRECT_OBJC_ISA_USAGE = YES_ERROR;
				CLANG_WARN_DOCUMENTATION_COMMENTS = YES;
				CLANG_WARN_EMPTY_BODY = YES;
				CLANG_WARN_ENUM_CONVERSION = YES;
				CLANG_WARN_INFINITE_RECURSION = YES;
				CLANG_WARN_INT_CONVERSION = YES;
				CLANG_WARN_NON_LITERAL_NULL_CONVERSION = YES;
				CLANG_WARN_OBJC_IMPLICIT_RETAIN_SELF = YES;
				CLANG_WARN_OBJC_LITERAL_CONVERSION = YES;
				CLANG_WARN_OBJC_ROOT_CLASS = YES_ERROR;
				CLANG_WARN_RANGE_LOOP_ANALYSIS = YES;
				CLANG_WARN_STRICT_PROTOTYPES = YES;
				CLANG_WARN_SUSPICIOUS_MOVE = YES;
				CLANG_WARN_UNGUARDED_AVAILABILITY = YES_AGGRESSIVE;
				CLANG_WARN_UNREACHABLE_CODE = YES;
				CLANG_WARN__DUPLICATE_METHOD_MATCH = YES;
				CODE_SIGN_IDENTITY = "iPhone Developer";
				COPY_PHASE_STRIP = NO;
				DEBUG_INFORMATION_FORMAT = "dwarf-with-dsym";
				ENABLE_NS_ASSERTIONS = NO;
				ENABLE_STRICT_OBJC_MSGSEND = YES;
				GCC_C_LANGUAGE_STANDARD = gnu11;
				GCC_NO_COMMON_BLOCKS = YES;
				GCC_WARN_64_TO_32_BIT_CONVERSION = YES;
				GCC_WARN_ABOUT_RETURN_TYPE = YES_ERROR;
				GCC_WARN_UNDECLARED_SELECTOR = YES;
				GCC_WARN_UNINITIALIZED_AUTOS = YES_AGGRESSIVE;
				GCC_WARN_UNUSED_FUNCTION = YES;
				GCC_WARN_UNUSED_VARIABLE = YES;
				IPHONEOS_DEPLOYMENT_TARGET = 12.1;
				MTL_ENABLE_DEBUG_INFO = NO;
				MTL_FAST_MATH = YES;
				SDKROOT = iphoneos;
				SWIFT_COMPILATION_MODE = wholemodule;
				SWIFT_OPTIMIZATION_LEVEL = "-O";
				VALIDATE_PRODUCT = YES;
			};
			name = Release;
		};
		842EE90F21BD564D0048E96C /* Debug */ = {
			isa = XCBuildConfiguration;
			buildSettings = {
				ASSETCATALOG_COMPILER_APPICON_NAME = AppIcon;
				CODE_SIGN_STYLE = Automatic;
				INFOPLIST_FILE = SimpleDemoApp/Info.plist;
				LD_RUNPATH_SEARCH_PATHS = (
					"$(inherited)",
					"@executable_path/Frameworks",
				);
				PRODUCT_BUNDLE_IDENTIFIER = Madhav.SimpleDemoApp;
				PRODUCT_NAME = "$(TARGET_NAME)";
				SWIFT_VERSION = 4.2;
				TARGETED_DEVICE_FAMILY = "1,2";
			};
			name = Debug;
		};
		842EE91021BD564D0048E96C /* Release */ = {
			isa = XCBuildConfiguration;
			buildSettings = {
				ASSETCATALOG_COMPILER_APPICON_NAME = AppIcon;
				CODE_SIGN_STYLE = Automatic;
				INFOPLIST_FILE = SimpleDemoApp/Info.plist;
				LD_RUNPATH_SEARCH_PATHS = (
					"$(inherited)",
					"@executable_path/Frameworks",
				);
				PRODUCT_BUNDLE_IDENTIFIER = Madhav.SimpleDemoApp;
				PRODUCT_NAME = "$(TARGET_NAME)";
				SWIFT_VERSION = 4.2;
				TARGETED_DEVICE_FAMILY = "1,2";
			};
			name = Release;
		};
/* End XCBuildConfiguration section */

/* Begin XCConfigurationList section */
		842EE8F421BD564A0048E96C /* Build configuration list for PBXProject "SimpleDemoApp" */ = {
			isa = XCConfigurationList;
			buildConfigurations = (
				842EE90C21BD564D0048E96C /* Debug */,
				842EE90D21BD564D0048E96C /* Release */,
			);
			defaultConfigurationIsVisible = 0;
			defaultConfigurationName = Release;
		};
		842EE90E21BD564D0048E96C /* Build configuration list for PBXNativeTarget "SimpleDemoApp" */ = {
			isa = XCConfigurationList;
			buildConfigurations = (
				842EE90F21BD564D0048E96C /* Debug */,
				842EE91021BD564D0048E96C /* Release */,
			);
			defaultConfigurationIsVisible = 0;
			defaultConfigurationName = Release;
		};
/* End XCConfigurationList section */

/* Begin XCVersionGroup section */
		842EE90321BD564A0048E96C /* SimpleDemoApp.xcdatamodeld */ = {
			isa = XCVersionGroup;
			children = (
				842EE90421BD564A0048E96C /* SimpleDemoApp.xcdatamodel */,
			);
			currentVersion = 842EE90421BD564A0048E96C /* SimpleDemoApp.xcdatamodel */;
			path = SimpleDemoApp.xcdatamodeld;
			sourceTree = "<group>";
			versionGroupType = wrapper.xcdatamodel;
		};
/* End XCVersionGroup section */
	};
	rootObject = 842EE8F121BD564A0048E96C /* Project object */;
}
